<?xml version="1.0" encoding="UTF-8" standalone="yes" ?>
<CodeBlocks_project_file>
	<FileVersion major="1" minor="6" />
	<Project>
		<Option title="Sudoku" />
		<Option makefile_is_custom="1" />
		<Option pch_mode="2" />
		<Option compiler="gcc" />
		<MakeCommands>
			<Build command="make compile" />
			<CompileFile command="$make -f $makefile $file" />
			<Clean command="$make -f $makefile clean$target" />
			<DistClean command="$make -f $makefile distclean$target" />
			<AskRebuildNeeded command="make compile" />
			<SilentBuild command="make compile &gt; $(CMD_NULL)" />
		</MakeCommands>
		<Build>
			<Target title="Release">
				<Option output="bin/Sudoku" prefix_auto="1" extension_auto="1" />
				<Option object_output="obj/" />
				<Option type="1" />
				<Option compiler="gcc" />
				<Compiler>
					<Add option="-O2" />
					<Add option="-I include" />
				</Compiler>
				<Linker>
					<Add option="-s" />
					<Add library="lib/libSDL2.a" />
					<Add library="lib/libSDL2.dll.a" />
					<Add library="lib/libSDL2_image.a" />
					<Add library="lib/libSDL2_image.dll.a" />
					<Add library="lib/libSDL2_test.a" />
					<Add library="lib/libSDL2_ttf.a" />
					<Add library="lib/libSDL2_ttf.dll.a" />
					<Add library="lib/libSDL2main.a" />
				</Linker>
			</Target>
		</Build>
		<Compiler>
			<Add option="-Wall" />
		</Compiler>
		<Unit filename="src/ColorPalette.c">
			<Option compilerVar="CC" />
		</Unit>
		<Unit filename="src/ColorPalette.h" />
		<Unit filename="src/ErrorHandler.c">
			<Option compilerVar="CC" />
		</Unit>
		<Unit filename="src/ErrorHandler.h" />
		<Unit filename="src/FontManager.c">
			<Option compilerVar="CC" />
		</Unit>
		<Unit filename="src/FontManager.h" />
		<Unit filename="src/GameState.c">
			<Option compilerVar="CC" />
		</Unit>
		<Unit filename="src/GameState.h" />
		<Unit filename="src/Init.c">
			<Option compilerVar="CC" />
		</Unit>
		<Unit filename="src/Init.h" />
		<Unit filename="src/Sudoku.c">
			<Option compilerVar="CC" />
		</Unit>
		<Unit filename="src/Sudoku.h" />
		<Unit filename="src/SudokuInterface.c">
			<Option compilerVar="CC" />
		</Unit>
		<Unit filename="src/SudokuInterface.h" />
		<Unit filename="src/WINDOW_PARAMETERS.h" />
		<Unit filename="src/backtracking.c">
			<Option compilerVar="CC" />
		</Unit>
		<Unit filename="src/backtracking.h" />
		<Unit filename="src/datastructures.h" />
		<Unit filename="src/debugmalloc.h" />
		<Unit filename="src/end_screen.c">
			<Option compilerVar="CC" />
		</Unit>
		<Unit filename="src/end_screen.h" />
		<Unit filename="src/file_handler.c">
			<Option compilerVar="CC" />
		</Unit>
		<Unit filename="src/file_handler.h" />
		<Unit filename="src/leaderboard_parser.c">
			<Option compilerVar="CC" />
		</Unit>
		<Unit filename="src/leaderboard_parser.h" />
		<Unit filename="src/main.c">
			<Option compilerVar="CC" />
		</Unit>
		<Unit filename="src/main.h" />
		<Unit filename="src/main_menu.c">
			<Option compilerVar="CC" />
		</Unit>
		<Unit filename="src/main_menu.h" />
		<Unit filename="src/sudoku_tester.c">
			<Option compilerVar="CC" />
		</Unit>
		<Unit filename="src/sudoku_tester.h" />
		<Unit filename="src/title_screen.c">
			<Option compilerVar="CC" />
		</Unit>
		<Unit filename="src/title_screen.h" />
		<Extensions>
			<lib_finder disable_auto="1" />
		</Extensions>
	</Project>
</CodeBlocks_project_file>
